
Microsoft Visual Studio Solution File, Format Version 12.00
Project("{FAE04EC0-301F-11D3-BF4B-00C04F79EFBC}") = "Cosmosis", "src\Cosmosis\Cosmosis.csproj", "{53F7A0E2-8FFE-4AAA-8727-021EB73AA63A}"
EndProject
Project("{FAE04EC0-301F-11D3-BF4B-00C04F79EFBC}") = "IntegrationTests", "src\IntegrationTests\IntegrationTests.csproj", "{09D99D45-3FFD-4DBA-ADF4-6BEB8155D827}"
EndProject
Global
	GlobalSection(SolutionConfigurationPlatforms) = preSolution
		Debug|Any CPU = Debug|Any CPU
		Release|Any CPU = Release|Any CPU
	EndGlobalSection
	GlobalSection(ProjectConfigurationPlatforms) = postSolution
		{53F7A0E2-8FFE-4AAA-8727-021EB73AA63A}.Debug|Any CPU.ActiveCfg = Debug|Any CPU
		{53F7A0E2-8FFE-4AAA-8727-021EB73AA63A}.Debug|Any CPU.Build.0 = Debug|Any CPU
		{53F7A0E2-8FFE-4AAA-8727-021EB73AA63A}.Release|Any CPU.ActiveCfg = Release|Any CPU
		{53F7A0E2-8FFE-4AAA-8727-021EB73AA63A}.Release|Any CPU.Build.0 = Release|Any CPU
		{09D99D45-3FFD-4DBA-ADF4-6BEB8155D827}.Debug|Any CPU.ActiveCfg = Debug|Any CPU
		{09D99D45-3FFD-4DBA-ADF4-6BEB8155D827}.Debug|Any CPU.Build.0 = Debug|Any CPU
		{09D99D45-3FFD-4DBA-ADF4-6BEB8155D827}.Release|Any CPU.ActiveCfg = Release|Any CPU
		{09D99D45-3FFD-4DBA-ADF4-6BEB8155D827}.Release|Any CPU.Build.0 = Release|Any CPU
	EndGlobalSection
EndGlobal
